
Microsoft Visual Studio Solution File, Format Version 12.00
# Visual Studio Version 17
VisualStudioVersion = 17.6.33829.357
MinimumVisualStudioVersion = 10.0.40219.1
Project("{FAE04EC0-301F-11D3-BF4B-00C04F79EFBC}") = "Csharp_bai5", "Csharp_bai5.csproj", "{F22556BF-F100-4669-A343-2A422FB285C2}"
EndProject
Global
	GlobalSection(SolutionConfigurationPlatforms) = preSolution
		Debug|Any CPU = Debug|Any CPU
		Release|Any CPU = Release|Any CPU
	EndGlobalSection
	GlobalSection(ProjectConfigurationPlatforms) = postSolution
		{F22556BF-F100-4669-A343-2A422FB285C2}.Debug|Any CPU.ActiveCfg = Debug|Any CPU
		{F22556BF-F100-4669-A343-2A422FB285C2}.Debug|Any CPU.Build.0 = Debug|Any CPU
		{F22556BF-F100-4669-A343-2A422FB285C2}.Release|Any CPU.ActiveCfg = Release|Any CPU
		{F22556BF-F100-4669-A343-2A422FB285C2}.Release|Any CPU.Build.0 = Release|Any CPU
	EndGlobalSection
	GlobalSection(SolutionProperties) = preSolution
		HideSolutionNode = FALSE
	EndGlobalSection
	GlobalSection(ExtensibilityGlobals) = postSolution
		SolutionGuid = {DB039DE1-3BF9-4932-B0F9-360AED366CAE}
	EndGlobalSection
EndGlobal
